
Microsoft Visual Studio Solution File, Format Version 12.00
# Visual Studio Version 17
VisualStudioVersion = 17.1.32210.238
MinimumVisualStudioVersion = 10.0.40219.1
Project("{9A19103F-16F7-4668-BE54-9A1E7A4F7556}") = "BankAccounts", "BankAccounts\BankAccounts.csproj", "{B9AE5E39-08BB-4D52-9152-6AB2350E20D5}"
EndProject
Project("{FAE04EC0-301F-11D3-BF4B-00C04F79EFBC}") = "xUnitTest", "xUnitTest\xUnitTest.csproj", "{A223D7B3-B288-4AA2-9E5A-7A84F6EBA2B3}"
EndProject
Global
	GlobalSection(SolutionConfigurationPlatforms) = preSolution
		Debug|Any CPU = Debug|Any CPU
		Release|Any CPU = Release|Any CPU
	EndGlobalSection
	GlobalSection(ProjectConfigurationPlatforms) = postSolution
		{B9AE5E39-08BB-4D52-9152-6AB2350E20D5}.Debug|Any CPU.ActiveCfg = Debug|Any CPU
		{B9AE5E39-08BB-4D52-9152-6AB2350E20D5}.Debug|Any CPU.Build.0 = Debug|Any CPU
		{B9AE5E39-08BB-4D52-9152-6AB2350E20D5}.Release|Any CPU.ActiveCfg = Release|Any CPU
		{B9AE5E39-08BB-4D52-9152-6AB2350E20D5}.Release|Any CPU.Build.0 = Release|Any CPU
		{A223D7B3-B288-4AA2-9E5A-7A84F6EBA2B3}.Debug|Any CPU.ActiveCfg = Debug|Any CPU
		{A223D7B3-B288-4AA2-9E5A-7A84F6EBA2B3}.Debug|Any CPU.Build.0 = Debug|Any CPU
		{A223D7B3-B288-4AA2-9E5A-7A84F6EBA2B3}.Release|Any CPU.ActiveCfg = Release|Any CPU
		{A223D7B3-B288-4AA2-9E5A-7A84F6EBA2B3}.Release|Any CPU.Build.0 = Release|Any CPU
	EndGlobalSection
	GlobalSection(SolutionProperties) = preSolution
		HideSolutionNode = FALSE
	EndGlobalSection
	GlobalSection(ExtensibilityGlobals) = postSolution
		SolutionGuid = {EF6D2195-49D4-4791-9B77-9D7A2C83E604}
	EndGlobalSection
EndGlobal
